{
  "name": "employee-tracker",
  "version": "1.0.0",
  "lockfileVersion": 1,
  "requires": true,
  "dependencies": {
    "console-table-printer": {
      "version": "2.10.0",
      "resolved": "https://registry.npmjs.org/console-table-printer/-/console-table-printer-2.10.0.tgz",
      "integrity": "sha512-7pTsysaJs1+R+OO4cCtJbl+Lr4piHYIhi7/V1qHbOg/uiYgq2yUINFgvXZtVHqm9qpW0+Uk190qkGcKvzdunvg==",
      "requires": {
        "simple-wcswidth": "^1.0.1"
      }
    },
    "simple-wcswidth": {
      "version": "1.0.1",
      "resolved": "https://registry.npmjs.org/simple-wcswidth/-/simple-wcswidth-1.0.1.tgz",
      "integrity": "sha512-xMO/8eNREtaROt7tJvWJqHBDTMFN4eiQ5I4JRMuilwfnFcV5W9u7RUkueNkdw0jPqGMX36iCywelS5yilTuOxg=="
    }
  }
}
